
Microsoft Visual Studio Solution File, Format Version 12.00
# Visual Studio Version 17
VisualStudioVersion = 17.4.33122.133
MinimumVisualStudioVersion = 10.0.40219.1
Project("{FAE04EC0-301F-11D3-BF4B-00C04F79EFBC}") = "ThumbnailGrabber", "ThumbnailGrabber.csproj", "{857899A1-F561-40E1-A4BE-1A1F004C0CFB}"
EndProject
Global
	GlobalSection(SolutionConfigurationPlatforms) = preSolution
		Debug|Any CPU = Debug|Any CPU
		Release|Any CPU = Release|Any CPU
	EndGlobalSection
	GlobalSection(ProjectConfigurationPlatforms) = postSolution
		{857899A1-F561-40E1-A4BE-1A1F004C0CFB}.Debug|Any CPU.ActiveCfg = Debug|Any CPU
		{857899A1-F561-40E1-A4BE-1A1F004C0CFB}.Debug|Any CPU.Build.0 = Debug|Any CPU
		{857899A1-F561-40E1-A4BE-1A1F004C0CFB}.Release|Any CPU.ActiveCfg = Release|Any CPU
		{857899A1-F561-40E1-A4BE-1A1F004C0CFB}.Release|Any CPU.Build.0 = Release|Any CPU
	EndGlobalSection
	GlobalSection(SolutionProperties) = preSolution
		HideSolutionNode = FALSE
	EndGlobalSection
	GlobalSection(ExtensibilityGlobals) = postSolution
		SolutionGuid = {2F1BA32F-A7EB-4C45-AE6B-9CB626893177}
	EndGlobalSection
EndGlobal
